
Microsoft Visual Studio Solution File, Format Version 12.00
# Visual Studio Version 17
VisualStudioVersion = 17.14.36908.2 d17.14
MinimumVisualStudioVersion = 10.0.40219.1
Project("{FAE04EC0-301F-11D3-BF4B-00C04F79EFBC}") = "ContactosPlus", "ContactosPlus.csproj", "{16FAB72D-FBD5-42DC-B725-8112A14175C3}"
EndProject
Global
	GlobalSection(SolutionConfigurationPlatforms) = preSolution
		Debug|Any CPU = Debug|Any CPU
		Release|Any CPU = Release|Any CPU
	EndGlobalSection
	GlobalSection(ProjectConfigurationPlatforms) = postSolution
		{16FAB72D-FBD5-42DC-B725-8112A14175C3}.Debug|Any CPU.ActiveCfg = Debug|Any CPU
		{16FAB72D-FBD5-42DC-B725-8112A14175C3}.Debug|Any CPU.Build.0 = Debug|Any CPU
		{16FAB72D-FBD5-42DC-B725-8112A14175C3}.Release|Any CPU.ActiveCfg = Release|Any CPU
		{16FAB72D-FBD5-42DC-B725-8112A14175C3}.Release|Any CPU.Build.0 = Release|Any CPU
	EndGlobalSection
	GlobalSection(SolutionProperties) = preSolution
		HideSolutionNode = FALSE
	EndGlobalSection
	GlobalSection(ExtensibilityGlobals) = postSolution
		SolutionGuid = {DCBA276A-2E9E-4EAE-BA91-0E487F53968C}
	EndGlobalSection
EndGlobal
